// !$*UTF8*$!
{
	archiveVersion = 1;
	classes = {
	};
	objectVersion = 46;
	objects = {

/* Begin PBXBuildFile section */
		3316D2C9184878BC006606D0 /* Foundation.framework in Frameworks */ = {isa = PBXBuildFile; fileRef = 3316D2C8184878BC006606D0 /* Foundation.framework */; };
		3316D2CB184878BC006606D0 /* CoreGraphics.framework in Frameworks */ = {isa = PBXBuildFile; fileRef = 3316D2CA184878BC006606D0 /* CoreGraphics.framework */; };
		3316D2CD184878BC006606D0 /* UIKit.framework in Frameworks */ = {isa = PBXBuildFile; fileRef = 3316D2CC184878BC006606D0 /* UIKit.framework */; };
		3316D2D3184878BC006606D0 /* InfoPlist.strings in Resources */ = {isa = PBXBuildFile; fileRef = 3316D2D1184878BC006606D0 /* InfoPlist.strings */; };
		3316D2D5184878BC006606D0 /* main.m in Sources */ = {isa = PBXBuildFile; fileRef = 3316D2D4184878BC006606D0 /* main.m */; };
		3316D2D9184878BC006606D0 /* AppDelegate.m in Sources */ = {isa = PBXBuildFile; fileRef = 3316D2D8184878BC006606D0 /* AppDelegate.m */; };
		3316D2DB184878BC006606D0 /* Images.xcassets in Resources */ = {isa = PBXBuildFile; fileRef = 3316D2DA184878BC006606D0 /* Images.xcassets */; };
		3316D2E2184878BD006606D0 /* XCTest.framework in Frameworks */ = {isa = PBXBuildFile; fileRef = 3316D2E1184878BD006606D0 /* XCTest.framework */; };
		3316D2E3184878BD006606D0 /* Foundation.framework in Frameworks */ = {isa = PBXBuildFile; fileRef = 3316D2C8184878BC006606D0 /* Foundation.framework */; };
		3316D2E4184878BD006606D0 /* UIKit.framework in Frameworks */ = {isa = PBXBuildFile; fileRef = 3316D2CC184878BC006606D0 /* UIKit.framework */; };
		3316D2EC184878BD006606D0 /* InfoPlist.strings in Resources */ = {isa = PBXBuildFile; fileRef = 3316D2EA184878BD006606D0 /* InfoPlist.strings */; };
		3316D2EE184878BD006606D0 /* PicrossTests.m in Sources */ = {isa = PBXBuildFile; fileRef = 3316D2ED184878BD006606D0 /* PicrossTests.m */; };
		3316D307184885AE006606D0 /* PGPicross.m in Sources */ = {isa = PBXBuildFile; fileRef = 3316D306184885AE006606D0 /* PGPicross.m */; };
/* End PBXBuildFile section */

/* Begin PBXContainerItemProxy section */
		3316D2E5184878BD006606D0 /* PBXContainerItemProxy */ = {
			isa = PBXContainerItemProxy;
			containerPortal = 3316D2BD184878BC006606D0 /* Project object */;
			proxyType = 1;
			remoteGlobalIDString = 3316D2C4184878BC006606D0;
			remoteInfo = Picross;
		};
/* End PBXContainerItemProxy section */

/* Begin PBXFileReference section */
		3316D2C5184878BC006606D0 /* Picross.app */ = {isa = PBXFileReference; explicitFileType = wrapper.application; includeInIndex = 0; path = Picross.app; sourceTree = BUILT_PRODUCTS_DIR; };
		3316D2C8184878BC006606D0 /* Foundation.framework */ = {isa = PBXFileReference; lastKnownFileType = wrapper.framework; name = Foundation.framework; path = System/Library/Frameworks/Foundation.framework; sourceTree = SDKROOT; };
		3316D2CA184878BC006606D0 /* CoreGraphics.framework */ = {isa = PBXFileReference; lastKnownFileType = wrapper.framework; name = CoreGraphics.framework; path = System/Library/Frameworks/CoreGraphics.framework; sourceTree = SDKROOT; };
		3316D2CC184878BC006606D0 /* UIKit.framework */ = {isa = PBXFileReference; lastKnownFileType = wrapper.framework; name = UIKit.framework; path = System/Library/Frameworks/UIKit.framework; sourceTree = SDKROOT; };
		3316D2D0184878BC006606D0 /* Picross-Info.plist */ = {isa = PBXFileReference; lastKnownFileType = text.plist.xml; path = "Picross-Info.plist"; sourceTree = "<group>"; };
		3316D2D2184878BC006606D0 /* en */ = {isa = PBXFileReference; lastKnownFileType = text.plist.strings; name = en; path = en.lproj/InfoPlist.strings; sourceTree = "<group>"; };
		3316D2D4184878BC006606D0 /* main.m */ = {isa = PBXFileReference; lastKnownFileType = sourcecode.c.objc; path = main.m; sourceTree = "<group>"; };
		3316D2D6184878BC006606D0 /* Picross-Prefix.pch */ = {isa = PBXFileReference; lastKnownFileType = sourcecode.c.h; path = "Picross-Prefix.pch"; sourceTree = "<group>"; };
		3316D2D7184878BC006606D0 /* AppDelegate.h */ = {isa = PBXFileReference; lastKnownFileType = sourcecode.c.h; path = AppDelegate.h; sourceTree = "<group>"; };
		3316D2D8184878BC006606D0 /* AppDelegate.m */ = {isa = PBXFileReference; lastKnownFileType = sourcecode.c.objc; path = AppDelegate.m; sourceTree = "<group>"; };
		3316D2DA184878BC006606D0 /* Images.xcassets */ = {isa = PBXFileReference; lastKnownFileType = folder.assetcatalog; path = Images.xcassets; sourceTree = "<group>"; };
		3316D2E0184878BD006606D0 /* PicrossTests.xctest */ = {isa = PBXFileReference; explicitFileType = wrapper.cfbundle; includeInIndex = 0; path = PicrossTests.xctest; sourceTree = BUILT_PRODUCTS_DIR; };
		3316D2E1184878BD006606D0 /* XCTest.framework */ = {isa = PBXFileReference; lastKnownFileType = wrapper.framework; name = XCTest.framework; path = Library/Frameworks/XCTest.framework; sourceTree = DEVELOPER_DIR; };
		3316D2E9184878BD006606D0 /* PicrossTests-Info.plist */ = {isa = PBXFileReference; lastKnownFileType = text.plist.xml; path = "PicrossTests-Info.plist"; sourceTree = "<group>"; };
		3316D2EB184878BD006606D0 /* en */ = {isa = PBXFileReference; lastKnownFileType = text.plist.strings; name = en; path = en.lproj/InfoPlist.strings; sourceTree = "<group>"; };
		3316D2ED184878BD006606D0 /* PicrossTests.m */ = {isa = PBXFileReference; lastKnownFileType = sourcecode.c.objc; path = PicrossTests.m; sourceTree = "<group>"; };
		3316D305184885AE006606D0 /* PGPicross.h */ = {isa = PBXFileReference; fileEncoding = 4; lastKnownFileType = sourcecode.c.h; path = PGPicross.h; sourceTree = "<group>"; };
		3316D306184885AE006606D0 /* PGPicross.m */ = {isa = PBXFileReference; fileEncoding = 4; lastKnownFileType = sourcecode.c.objc; path = PGPicross.m; sourceTree = "<group>"; };
		3316D308184888CA006606D0 /* PGPicrossEngineProtocol.h */ = {isa = PBXFileReference; lastKnownFileType = sourcecode.c.h; path = PGPicrossEngineProtocol.h; sourceTree = "<group>"; };
/* End PBXFileReference section */

/* Begin PBXFrameworksBuildPhase section */
		3316D2C2184878BC006606D0 /* Frameworks */ = {
			isa = PBXFrameworksBuildPhase;
			buildActionMask = 2147483647;
			files = (
				3316D2CB184878BC006606D0 /* CoreGraphics.framework in Frameworks */,
				3316D2CD184878BC006606D0 /* UIKit.framework in Frameworks */,
				3316D2C9184878BC006606D0 /* Foundation.framework in Frameworks */,
			);
			runOnlyForDeploymentPostprocessing = 0;
		};
		3316D2DD184878BD006606D0 /* Frameworks */ = {
			isa = PBXFrameworksBuildPhase;
			buildActionMask = 2147483647;
			files = (
				3316D2E2184878BD006606D0 /* XCTest.framework in Frameworks */,
				3316D2E4184878BD006606D0 /* UIKit.framework in Frameworks */,
				3316D2E3184878BD006606D0 /* Foundation.framework in Frameworks */,
			);
			runOnlyForDeploymentPostprocessing = 0;
		};
/* End PBXFrameworksBuildPhase section */

/* Begin PBXGroup section */
		3316D2BC184878BC006606D0 = {
			isa = PBXGroup;
			children = (
				3316D2CE184878BC006606D0 /* Picross */,
				3316D2E7184878BD006606D0 /* PicrossTests */,
				3316D2C7184878BC006606D0 /* Frameworks */,
				3316D2C6184878BC006606D0 /* Products */,
			);
			sourceTree = "<group>";
		};
		3316D2C6184878BC006606D0 /* Products */ = {
			isa = PBXGroup;
			children = (
				3316D2C5184878BC006606D0 /* Picross.app */,
				3316D2E0184878BD006606D0 /* PicrossTests.xctest */,
			);
			name = Products;
			sourceTree = "<group>";
		};
		3316D2C7184878BC006606D0 /* Frameworks */ = {
			isa = PBXGroup;
			children = (
				3316D2C8184878BC006606D0 /* Foundation.framework */,
				3316D2CA184878BC006606D0 /* CoreGraphics.framework */,
				3316D2CC184878BC006606D0 /* UIKit.framework */,
				3316D2E1184878BD006606D0 /* XCTest.framework */,
			);
			name = Frameworks;
			sourceTree = "<group>";
		};
		3316D2CE184878BC006606D0 /* Picross */ = {
			isa = PBXGroup;
			children = (
				3316D2F7184879BA006606D0 /* Resources */,
				3316D2F8184879BA006606D0 /* Sources */,
				3316D2D7184878BC006606D0 /* AppDelegate.h */,
				3316D2D8184878BC006606D0 /* AppDelegate.m */,
				3316D2DA184878BC006606D0 /* Images.xcassets */,
				3316D2CF184878BC006606D0 /* Supporting Files */,
			);
			path = Picross;
			sourceTree = "<group>";
		};
		3316D2CF184878BC006606D0 /* Supporting Files */ = {
			isa = PBXGroup;
			children = (
				3316D2D0184878BC006606D0 /* Picross-Info.plist */,
				3316D2D1184878BC006606D0 /* InfoPlist.strings */,
				3316D2D4184878BC006606D0 /* main.m */,
				3316D2D6184878BC006606D0 /* Picross-Prefix.pch */,
			);
			name = "Supporting Files";
			sourceTree = "<group>";
		};
		3316D2E7184878BD006606D0 /* PicrossTests */ = {
			isa = PBXGroup;
			children = (
				3316D2ED184878BD006606D0 /* PicrossTests.m */,
				3316D2E8184878BD006606D0 /* Supporting Files */,
			);
			path = PicrossTests;
			sourceTree = "<group>";
		};
		3316D2E8184878BD006606D0 /* Supporting Files */ = {
			isa = PBXGroup;
			children = (
				3316D2E9184878BD006606D0 /* PicrossTests-Info.plist */,
				3316D2EA184878BD006606D0 /* InfoPlist.strings */,
			);
			name = "Supporting Files";
			sourceTree = "<group>";
		};
		3316D2F7184879BA006606D0 /* Resources */ = {
			isa = PBXGroup;
			children = (
			);
			path = Resources;
			sourceTree = "<group>";
		};
		3316D2F8184879BA006606D0 /* Sources */ = {
			isa = PBXGroup;
			children = (
				3316D2F9184879BA006606D0 /* Core */,
				3316D2FE184879BA006606D0 /* Lib */,
				3316D301184879BA006606D0 /* Plugins */,
			);
			path = Sources;
			sourceTree = "<group>";
		};
		3316D2F9184879BA006606D0 /* Core */ = {
			isa = PBXGroup;
			children = (
				3316D2FA184879BA006606D0 /* Controllers */,
				3316D2FB184879BA006606D0 /* Handler */,
				3316D2FC184879BA006606D0 /* Managers */,
				3316D2FD184879BA006606D0 /* Models */,
			);
			path = Core;
			sourceTree = "<group>";
		};
		3316D2FA184879BA006606D0 /* Controllers */ = {
			isa = PBXGroup;
			children = (
			);
			path = Controllers;
			sourceTree = "<group>";
		};
		3316D2FB184879BA006606D0 /* Handler */ = {
			isa = PBXGroup;
			children = (
			);
			path = Handler;
			sourceTree = "<group>";
		};
		3316D2FC184879BA006606D0 /* Managers */ = {
			isa = PBXGroup;
			children = (
			);
			path = Managers;
			sourceTree = "<group>";
		};
		3316D2FD184879BA006606D0 /* Models */ = {
			isa = PBXGroup;
			children = (
			);
			path = Models;
			sourceTree = "<group>";
		};
		3316D2FE184879BA006606D0 /* Lib */ = {
			isa = PBXGroup;
			children = (
				3316D300184879BA006606D0 /* PicrossEngine */,
				3316D309184888FC006606D0 /* Engines */,
			);
			path = Lib;
			sourceTree = "<group>";
		};
		3316D300184879BA006606D0 /* PicrossEngine */ = {
			isa = PBXGroup;
			children = (
				3316D308184888CA006606D0 /* PGPicrossEngineProtocol.h */,
				3316D305184885AE006606D0 /* PGPicross.h */,
				3316D306184885AE006606D0 /* PGPicross.m */,
			);
			path = PicrossEngine;
			sourceTree = "<group>";
		};
		3316D301184879BA006606D0 /* Plugins */ = {
			isa = PBXGroup;
			children = (
			);
			path = Plugins;
			sourceTree = "<group>";
		};
		3316D309184888FC006606D0 /* Engines */ = {
			isa = PBXGroup;
			children = (
				3316D30A184888FC006606D0 /* PuzzleCreator */,
				3316D30B184888FC006606D0 /* PuzzleSolver */,
			);
			name = Engines;
			path = PicrossEngine/Engines;
			sourceTree = "<group>";
		};
		3316D30A184888FC006606D0 /* PuzzleCreator */ = {
			isa = PBXGroup;
			children = (
			);
			path = PuzzleCreator;
			sourceTree = "<group>";
		};
		3316D30B184888FC006606D0 /* PuzzleSolver */ = {
			isa = PBXGroup;
			children = (
			);
			path = PuzzleSolver;
			sourceTree = "<group>";
		};
/* End PBXGroup section */

/* Begin PBXNativeTarget section */
		3316D2C4184878BC006606D0 /* Picross */ = {
			isa = PBXNativeTarget;
			buildConfigurationList = 3316D2F1184878BD006606D0 /* Build configuration list for PBXNativeTarget "Picross" */;
			buildPhases = (
				3316D2C1184878BC006606D0 /* Sources */,
				3316D2C2184878BC006606D0 /* Frameworks */,
				3316D2C3184878BC006606D0 /* Resources */,
			);
			buildRules = (
			);
			dependencies = (
			);
			name = Picross;
			productName = Picross;
			productReference = 3316D2C5184878BC006606D0 /* Picross.app */;
			productType = "com.apple.product-type.application";
		};
		3316D2DF184878BD006606D0 /* PicrossTests */ = {
			isa = PBXNativeTarget;
			buildConfigurationList = 3316D2F4184878BD006606D0 /* Build configuration list for PBXNativeTarget "PicrossTests" */;
			buildPhases = (
				3316D2DC184878BD006606D0 /* Sources */,
				3316D2DD184878BD006606D0 /* Frameworks */,
				3316D2DE184878BD006606D0 /* Resources */,
			);
			buildRules = (
			);
			dependencies = (
				3316D2E6184878BD006606D0 /* PBXTargetDependency */,
			);
			name = PicrossTests;
			productName = PicrossTests;
			productReference = 3316D2E0184878BD006606D0 /* PicrossTests.xctest */;
			productType = "com.apple.product-type.bundle.unit-test";
		};
/* End PBXNativeTarget section */

/* Begin PBXProject section */
		3316D2BD184878BC006606D0 /* Project object */ = {
			isa = PBXProject;
			attributes = {
				LastUpgradeCheck = 0500;
				ORGANIZATIONNAME = Pluma;
				TargetAttributes = {
					3316D2DF184878BD006606D0 = {
						TestTargetID = 3316D2C4184878BC006606D0;
					};
				};
			};
			buildConfigurationList = 3316D2C0184878BC006606D0 /* Build configuration list for PBXProject "Picross" */;
			compatibilityVersion = "Xcode 3.2";
			developmentRegion = English;
			hasScannedForEncodings = 0;
			knownRegions = (
				en,
			);
			mainGroup = 3316D2BC184878BC006606D0;
			productRefGroup = 3316D2C6184878BC006606D0 /* Products */;
			projectDirPath = "";
			projectRoot = "";
			targets = (
				3316D2C4184878BC006606D0 /* Picross */,
				3316D2DF184878BD006606D0 /* PicrossTests */,
			);
		};
/* End PBXProject section */

/* Begin PBXResourcesBuildPhase section */
		3316D2C3184878BC006606D0 /* Resources */ = {
			isa = PBXResourcesBuildPhase;
			buildActionMask = 2147483647;
			files = (
				3316D2D3184878BC006606D0 /* InfoPlist.strings in Resources */,
				3316D2DB184878BC006606D0 /* Images.xcassets in Resources */,
			);
			runOnlyForDeploymentPostprocessing = 0;
		};
		3316D2DE184878BD006606D0 /* Resources */ = {
			isa = PBXResourcesBuildPhase;
			buildActionMask = 2147483647;
			files = (
				3316D2EC184878BD006606D0 /* InfoPlist.strings in Resources */,
			);
			runOnlyForDeploymentPostprocessing = 0;
		};
/* End PBXResourcesBuildPhase section */

/* Begin PBXSourcesBuildPhase section */
		3316D2C1184878BC006606D0 /* Sources */ = {
			isa = PBXSourcesBuildPhase;
			buildActionMask = 2147483647;
			files = (
				3316D307184885AE006606D0 /* PGPicross.m in Sources */,
				3316D2D9184878BC006606D0 /* AppDelegate.m in Sources */,
				3316D2D5184878BC006606D0 /* main.m in Sources */,
			);
			runOnlyForDeploymentPostprocessing = 0;
		};
		3316D2DC184878BD006606D0 /* Sources */ = {
			isa = PBXSourcesBuildPhase;
			buildActionMask = 2147483647;
			files = (
				3316D2EE184878BD006606D0 /* PicrossTests.m in Sources */,
			);
			runOnlyForDeploymentPostprocessing = 0;
		};
/* End PBXSourcesBuildPhase section */

/* Begin PBXTargetDependency section */
		3316D2E6184878BD006606D0 /* PBXTargetDependency */ = {
			isa = PBXTargetDependency;
			target = 3316D2C4184878BC006606D0 /* Picross */;
			targetProxy = 3316D2E5184878BD006606D0 /* PBXContainerItemProxy */;
		};
/* End PBXTargetDependency section */

/* Begin PBXVariantGroup section */
		3316D2D1184878BC006606D0 /* InfoPlist.strings */ = {
			isa = PBXVariantGroup;
			children = (
				3316D2D2184878BC006606D0 /* en */,
			);
			name = InfoPlist.strings;
			sourceTree = "<group>";
		};
		3316D2EA184878BD006606D0 /* InfoPlist.strings */ = {
			isa = PBXVariantGroup;
			children = (
				3316D2EB184878BD006606D0 /* en */,
			);
			name = InfoPlist.strings;
			sourceTree = "<group>";
		};
/* End PBXVariantGroup section */

/* Begin XCBuildConfiguration section */
		3316D2EF184878BD006606D0 /* Debug */ = {
			isa = XCBuildConfiguration;
			buildSettings = {
				ALWAYS_SEARCH_USER_PATHS = NO;
				ARCHS = "$(ARCHS_STANDARD)";
				CLANG_CXX_LANGUAGE_STANDARD = "gnu++0x";
				CLANG_CXX_LIBRARY = "libc++";
				CLANG_ENABLE_MODULES = YES;
				CLANG_ENABLE_OBJC_ARC = YES;
				CLANG_WARN_BOOL_CONVERSION = YES;
				CLANG_WARN_CONSTANT_CONVERSION = YES;
				CLANG_WARN_DIRECT_OBJC_ISA_USAGE = YES_ERROR;
				CLANG_WARN_EMPTY_BODY = YES;
				CLANG_WARN_ENUM_CONVERSION = YES;
				CLANG_WARN_INT_CONVERSION = YES;
				CLANG_WARN_OBJC_ROOT_CLASS = YES_ERROR;
				CLANG_WARN__DUPLICATE_METHOD_MATCH = YES;
				"CODE_SIGN_IDENTITY[sdk=iphoneos*]" = "iPhone Developer";
				COPY_PHASE_STRIP = NO;
				GCC_C_LANGUAGE_STANDARD = gnu99;
				GCC_DYNAMIC_NO_PIC = NO;
				GCC_OPTIMIZATION_LEVEL = 0;
				GCC_PREPROCESSOR_DEFINITIONS = (
					"DEBUG=1",
					"$(inherited)",
				);
				GCC_SYMBOLS_PRIVATE_EXTERN = NO;
				GCC_WARN_64_TO_32_BIT_CONVERSION = YES;
				GCC_WARN_ABOUT_RETURN_TYPE = YES_ERROR;
				GCC_WARN_UNDECLARED_SELECTOR = YES;
				GCC_WARN_UNINITIALIZED_AUTOS = YES;
				GCC_WARN_UNUSED_FUNCTION = YES;
				GCC_WARN_UNUSED_VARIABLE = YES;
				IPHONEOS_DEPLOYMENT_TARGET = 7.0;
				ONLY_ACTIVE_ARCH = YES;
				SDKROOT = iphoneos;
			};
			name = Debug;
		};
		3316D2F0184878BD006606D0 /* Release */ = {
			isa = XCBuildConfiguration;
			buildSettings = {
				ALWAYS_SEARCH_USER_PATHS = NO;
				ARCHS = "$(ARCHS_STANDARD)";
				CLANG_CXX_LANGUAGE_STANDARD = "gnu++0x";
				CLANG_CXX_LIBRARY = "libc++";
				CLANG_ENABLE_MODULES = YES;
				CLANG_ENABLE_OBJC_ARC = YES;
				CLANG_WARN_BOOL_CONVERSION = YES;
				CLANG_WARN_CONSTANT_CONVERSION = YES;
				CLANG_WARN_DIRECT_OBJC_ISA_USAGE = YES_ERROR;
				CLANG_WARN_EMPTY_BODY = YES;
				CLANG_WARN_ENUM_CONVERSION = YES;
				CLANG_WARN_INT_CONVERSION = YES;
				CLANG_WARN_OBJC_ROOT_CLASS = YES_ERROR;
				CLANG_WARN__DUPLICATE_METHOD_MATCH = YES;
				"CODE_SIGN_IDENTITY[sdk=iphoneos*]" = "iPhone Developer";
				COPY_PHASE_STRIP = YES;
				ENABLE_NS_ASSERTIONS = NO;
				GCC_C_LANGUAGE_STANDARD = gnu99;
				GCC_WARN_64_TO_32_BIT_CONVERSION = YES;
				GCC_WARN_ABOUT_RETURN_TYPE = YES_ERROR;
				GCC_WARN_UNDECLARED_SELECTOR = YES;
				GCC_WARN_UNINITIALIZED_AUTOS = YES;
				GCC_WARN_UNUSED_FUNCTION = YES;
				GCC_WARN_UNUSED_VARIABLE = YES;
				IPHONEOS_DEPLOYMENT_TARGET = 7.0;
				SDKROOT = iphoneos;
				VALIDATE_PRODUCT = YES;
			};
			name = Release;
		};
		3316D2F2184878BD006606D0 /* Debug */ = {
			isa = XCBuildConfiguration;
			buildSettings = {
				ASSETCATALOG_COMPILER_APPICON_NAME = AppIcon;
				ASSETCATALOG_COMPILER_LAUNCHIMAGE_NAME = LaunchImage;
				GCC_PRECOMPILE_PREFIX_HEADER = YES;
				GCC_PREFIX_HEADER = "Picross/Picross-Prefix.pch";
				INFOPLIST_FILE = "Picross/Picross-Info.plist";
				IPHONEOS_DEPLOYMENT_TARGET = 5.0;
				PRODUCT_NAME = "$(TARGET_NAME)";
				WRAPPER_EXTENSION = app;
			};
			name = Debug;
		};
		3316D2F3184878BD006606D0 /* Release */ = {
			isa = XCBuildConfiguration;
			buildSettings = {
				ASSETCATALOG_COMPILER_APPICON_NAME = AppIcon;
				ASSETCATALOG_COMPILER_LAUNCHIMAGE_NAME = LaunchImage;
				GCC_PRECOMPILE_PREFIX_HEADER = YES;
				GCC_PREFIX_HEADER = "Picross/Picross-Prefix.pch";
				INFOPLIST_FILE = "Picross/Picross-Info.plist";
				IPHONEOS_DEPLOYMENT_TARGET = 5.0;
				PRODUCT_NAME = "$(TARGET_NAME)";
				WRAPPER_EXTENSION = app;
			};
			name = Release;
		};
		3316D2F5184878BD006606D0 /* Debug */ = {
			isa = XCBuildConfiguration;
			buildSettings = {
				ARCHS = "$(ARCHS_STANDARD_INCLUDING_64_BIT)";
				BUNDLE_LOADER = "$(BUILT_PRODUCTS_DIR)/Picross.app/Picross";
				FRAMEWORK_SEARCH_PATHS = (
					"$(SDKROOT)/Developer/Library/Frameworks",
					"$(inherited)",
					"$(DEVELOPER_FRAMEWORKS_DIR)",
				);
				GCC_PRECOMPILE_PREFIX_HEADER = YES;
				GCC_PREFIX_HEADER = "Picross/Picross-Prefix.pch";
				GCC_PREPROCESSOR_DEFINITIONS = (
					"DEBUG=1",
					"$(inherited)",
				);
				INFOPLIST_FILE = "PicrossTests/PicrossTests-Info.plist";
				PRODUCT_NAME = "$(TARGET_NAME)";
				TEST_HOST = "$(BUNDLE_LOADER)";
				WRAPPER_EXTENSION = xctest;
			};
			name = Debug;
		};
		3316D2F6184878BD006606D0 /* Release */ = {
			isa = XCBuildConfiguration;
			buildSettings = {
				ARCHS = "$(ARCHS_STANDARD_INCLUDING_64_BIT)";
				BUNDLE_LOADER = "$(BUILT_PRODUCTS_DIR)/Picross.app/Picross";
				FRAMEWORK_SEARCH_PATHS = (
					"$(SDKROOT)/Developer/Library/Frameworks",
					"$(inherited)",
					"$(DEVELOPER_FRAMEWORKS_DIR)",
				);
				GCC_PRECOMPILE_PREFIX_HEADER = YES;
				GCC_PREFIX_HEADER = "Picross/Picross-Prefix.pch";
				INFOPLIST_FILE = "PicrossTests/PicrossTests-Info.plist";
				PRODUCT_NAME = "$(TARGET_NAME)";
				TEST_HOST = "$(BUNDLE_LOADER)";
				WRAPPER_EXTENSION = xctest;
			};
			name = Release;
		};
/* End XCBuildConfiguration section */

/* Begin XCConfigurationList section */
		3316D2C0184878BC006606D0 /* Build configuration list for PBXProject "Picross" */ = {
			isa = XCConfigurationList;
			buildConfigurations = (
				3316D2EF184878BD006606D0 /* Debug */,
				3316D2F0184878BD006606D0 /* Release */,
			);
			defaultConfigurationIsVisible = 0;
			defaultConfigurationName = Release;
		};
		3316D2F1184878BD006606D0 /* Build configuration list for PBXNativeTarget "Picross" */ = {
			isa = XCConfigurationList;
			buildConfigurations = (
				3316D2F2184878BD006606D0 /* Debug */,
				3316D2F3184878BD006606D0 /* Release */,
			);
			defaultConfigurationIsVisible = 0;
		};
		3316D2F4184878BD006606D0 /* Build configuration list for PBXNativeTarget "PicrossTests" */ = {
			isa = XCConfigurationList;
			buildConfigurations = (
				3316D2F5184878BD006606D0 /* Debug */,
				3316D2F6184878BD006606D0 /* Release */,
			);
			defaultConfigurationIsVisible = 0;
		};
/* End XCConfigurationList section */
	};
	rootObject = 3316D2BD184878BC006606D0 /* Project object */;
}
